
Microsoft Visual Studio Solution File, Format Version 12.00
# Visual Studio Version 16
VisualStudioVersion = 16.0.30907.101
MinimumVisualStudioVersion = 10.0.40219.1
Project("{FAE04EC0-301F-11D3-BF4B-00C04F79EFBC}") = "HW3EX3", "HW3EX3.csproj", "{5D331058-22AF-43B4-9E5A-A0727AF20DD6}"
EndProject
Project("{9A19103F-16F7-4668-BE54-9A1E7A4F7556}") = "HW3EX3.Tests", "..\HW3EX3.Tests\HW3EX3.Tests.csproj", "{21965387-CEDE-4471-998D-2AD0B19F9A0B}"
EndProject
Global
	GlobalSection(SolutionConfigurationPlatforms) = preSolution
		Debug|Any CPU = Debug|Any CPU
		Release|Any CPU = Release|Any CPU
	EndGlobalSection
	GlobalSection(ProjectConfigurationPlatforms) = postSolution
		{5D331058-22AF-43B4-9E5A-A0727AF20DD6}.Debug|Any CPU.ActiveCfg = Debug|Any CPU
		{5D331058-22AF-43B4-9E5A-A0727AF20DD6}.Debug|Any CPU.Build.0 = Debug|Any CPU
		{5D331058-22AF-43B4-9E5A-A0727AF20DD6}.Release|Any CPU.ActiveCfg = Release|Any CPU
		{5D331058-22AF-43B4-9E5A-A0727AF20DD6}.Release|Any CPU.Build.0 = Release|Any CPU
		{21965387-CEDE-4471-998D-2AD0B19F9A0B}.Debug|Any CPU.ActiveCfg = Debug|Any CPU
		{21965387-CEDE-4471-998D-2AD0B19F9A0B}.Debug|Any CPU.Build.0 = Debug|Any CPU
		{21965387-CEDE-4471-998D-2AD0B19F9A0B}.Release|Any CPU.ActiveCfg = Release|Any CPU
		{21965387-CEDE-4471-998D-2AD0B19F9A0B}.Release|Any CPU.Build.0 = Release|Any CPU
	EndGlobalSection
	GlobalSection(SolutionProperties) = preSolution
		HideSolutionNode = FALSE
	EndGlobalSection
	GlobalSection(ExtensibilityGlobals) = postSolution
		SolutionGuid = {9ABB9158-EDBA-4261-BA1F-F983B642AF48}
	EndGlobalSection
EndGlobal
