
Microsoft Visual Studio Solution File, Format Version 12.00
# Visual Studio Version 16
VisualStudioVersion = 16.0.30907.101
MinimumVisualStudioVersion = 10.0.40219.1
Project("{FAE04EC0-301F-11D3-BF4B-00C04F79EFBC}") = "HW3EX1B4", "HW3EX1B4.csproj", "{565061E2-D9B3-4A0D-8CBD-C47424D614DA}"
EndProject
Project("{FAE04EC0-301F-11D3-BF4B-00C04F79EFBC}") = "HW3EX1.Tests", "..\HW3EX1.Tests\HW3EX1.Tests.csproj", "{19F703FF-A252-4ACF-9173-785B47087441}"
EndProject
Global
	GlobalSection(SolutionConfigurationPlatforms) = preSolution
		Debug|Any CPU = Debug|Any CPU
		Release|Any CPU = Release|Any CPU
	EndGlobalSection
	GlobalSection(ProjectConfigurationPlatforms) = postSolution
		{565061E2-D9B3-4A0D-8CBD-C47424D614DA}.Debug|Any CPU.ActiveCfg = Debug|Any CPU
		{565061E2-D9B3-4A0D-8CBD-C47424D614DA}.Debug|Any CPU.Build.0 = Debug|Any CPU
		{565061E2-D9B3-4A0D-8CBD-C47424D614DA}.Release|Any CPU.ActiveCfg = Release|Any CPU
		{565061E2-D9B3-4A0D-8CBD-C47424D614DA}.Release|Any CPU.Build.0 = Release|Any CPU
		{19F703FF-A252-4ACF-9173-785B47087441}.Debug|Any CPU.ActiveCfg = Debug|Any CPU
		{19F703FF-A252-4ACF-9173-785B47087441}.Debug|Any CPU.Build.0 = Debug|Any CPU
		{19F703FF-A252-4ACF-9173-785B47087441}.Release|Any CPU.ActiveCfg = Release|Any CPU
		{19F703FF-A252-4ACF-9173-785B47087441}.Release|Any CPU.Build.0 = Release|Any CPU
	EndGlobalSection
	GlobalSection(SolutionProperties) = preSolution
		HideSolutionNode = FALSE
	EndGlobalSection
	GlobalSection(ExtensibilityGlobals) = postSolution
		SolutionGuid = {EE87DA24-483F-4CBB-951E-9DCCAEBAE1C5}
	EndGlobalSection
EndGlobal
