
Microsoft Visual Studio Solution File, Format Version 12.00
# Visual Studio Version 16
VisualStudioVersion = 16.0.30907.101
MinimumVisualStudioVersion = 15.0.26124.0
Project("{9A19103F-16F7-4668-BE54-9A1E7A4F7556}") = "HW2", "HW2.csproj", "{E817BED8-8F39-491C-A9CF-B002D82E97E2}"
EndProject
Project("{FAE04EC0-301F-11D3-BF4B-00C04F79EFBC}") = "HW2Tests", "..\HW2Tests\HW2Tests.csproj", "{8B89B1E1-E404-4A45-8738-2C579F3BE938}"
EndProject
Global
	GlobalSection(SolutionConfigurationPlatforms) = preSolution
		Debug|Any CPU = Debug|Any CPU
		Debug|x64 = Debug|x64
		Debug|x86 = Debug|x86
		Release|Any CPU = Release|Any CPU
		Release|x64 = Release|x64
		Release|x86 = Release|x86
	EndGlobalSection
	GlobalSection(ProjectConfigurationPlatforms) = postSolution
		{E817BED8-8F39-491C-A9CF-B002D82E97E2}.Debug|Any CPU.ActiveCfg = Debug|Any CPU
		{E817BED8-8F39-491C-A9CF-B002D82E97E2}.Debug|Any CPU.Build.0 = Debug|Any CPU
		{E817BED8-8F39-491C-A9CF-B002D82E97E2}.Debug|x64.ActiveCfg = Debug|Any CPU
		{E817BED8-8F39-491C-A9CF-B002D82E97E2}.Debug|x64.Build.0 = Debug|Any CPU
		{E817BED8-8F39-491C-A9CF-B002D82E97E2}.Debug|x86.ActiveCfg = Debug|Any CPU
		{E817BED8-8F39-491C-A9CF-B002D82E97E2}.Debug|x86.Build.0 = Debug|Any CPU
		{E817BED8-8F39-491C-A9CF-B002D82E97E2}.Release|Any CPU.ActiveCfg = Release|Any CPU
		{E817BED8-8F39-491C-A9CF-B002D82E97E2}.Release|Any CPU.Build.0 = Release|Any CPU
		{E817BED8-8F39-491C-A9CF-B002D82E97E2}.Release|x64.ActiveCfg = Release|Any CPU
		{E817BED8-8F39-491C-A9CF-B002D82E97E2}.Release|x64.Build.0 = Release|Any CPU
		{E817BED8-8F39-491C-A9CF-B002D82E97E2}.Release|x86.ActiveCfg = Release|Any CPU
		{E817BED8-8F39-491C-A9CF-B002D82E97E2}.Release|x86.Build.0 = Release|Any CPU
		{8B89B1E1-E404-4A45-8738-2C579F3BE938}.Debug|Any CPU.ActiveCfg = Debug|Any CPU
		{8B89B1E1-E404-4A45-8738-2C579F3BE938}.Debug|Any CPU.Build.0 = Debug|Any CPU
		{8B89B1E1-E404-4A45-8738-2C579F3BE938}.Debug|x64.ActiveCfg = Debug|Any CPU
		{8B89B1E1-E404-4A45-8738-2C579F3BE938}.Debug|x64.Build.0 = Debug|Any CPU
		{8B89B1E1-E404-4A45-8738-2C579F3BE938}.Debug|x86.ActiveCfg = Debug|Any CPU
		{8B89B1E1-E404-4A45-8738-2C579F3BE938}.Debug|x86.Build.0 = Debug|Any CPU
		{8B89B1E1-E404-4A45-8738-2C579F3BE938}.Release|Any CPU.ActiveCfg = Release|Any CPU
		{8B89B1E1-E404-4A45-8738-2C579F3BE938}.Release|Any CPU.Build.0 = Release|Any CPU
		{8B89B1E1-E404-4A45-8738-2C579F3BE938}.Release|x64.ActiveCfg = Release|Any CPU
		{8B89B1E1-E404-4A45-8738-2C579F3BE938}.Release|x64.Build.0 = Release|Any CPU
		{8B89B1E1-E404-4A45-8738-2C579F3BE938}.Release|x86.ActiveCfg = Release|Any CPU
		{8B89B1E1-E404-4A45-8738-2C579F3BE938}.Release|x86.Build.0 = Release|Any CPU
	EndGlobalSection
	GlobalSection(SolutionProperties) = preSolution
		HideSolutionNode = FALSE
	EndGlobalSection
	GlobalSection(ExtensibilityGlobals) = postSolution
		SolutionGuid = {E1041BDF-0DD9-4C44-BBB9-A73DADC7793D}
	EndGlobalSection
EndGlobal
